
Microsoft Visual Studio Solution File, Format Version 12.00
# Visual Studio 15
VisualStudioVersion = 15.0.28307.421
MinimumVisualStudioVersion = 10.0.40219.1
Project("{FAE04EC0-301F-11D3-BF4B-00C04F79EFBC}") = "Diretorio", "Diretorio\Diretorio.csproj", "{7EB0E7BC-06DF-47F8-9996-CCCDB897DFC7}"
EndProject
Project("{FAE04EC0-301F-11D3-BF4B-00C04F79EFBC}") = "Teste", "Teste\Teste.csproj", "{8ACC72C9-842E-4977-A0AA-B25D6E4458EA}"
EndProject
Global
	GlobalSection(SolutionConfigurationPlatforms) = preSolution
		Debug|Any CPU = Debug|Any CPU
		Release|Any CPU = Release|Any CPU
	EndGlobalSection
	GlobalSection(ProjectConfigurationPlatforms) = postSolution
		{7EB0E7BC-06DF-47F8-9996-CCCDB897DFC7}.Debug|Any CPU.ActiveCfg = Debug|Any CPU
		{7EB0E7BC-06DF-47F8-9996-CCCDB897DFC7}.Debug|Any CPU.Build.0 = Debug|Any CPU
		{7EB0E7BC-06DF-47F8-9996-CCCDB897DFC7}.Release|Any CPU.ActiveCfg = Release|Any CPU
		{7EB0E7BC-06DF-47F8-9996-CCCDB897DFC7}.Release|Any CPU.Build.0 = Release|Any CPU
		{8ACC72C9-842E-4977-A0AA-B25D6E4458EA}.Debug|Any CPU.ActiveCfg = Debug|Any CPU
		{8ACC72C9-842E-4977-A0AA-B25D6E4458EA}.Debug|Any CPU.Build.0 = Debug|Any CPU
		{8ACC72C9-842E-4977-A0AA-B25D6E4458EA}.Release|Any CPU.ActiveCfg = Release|Any CPU
		{8ACC72C9-842E-4977-A0AA-B25D6E4458EA}.Release|Any CPU.Build.0 = Release|Any CPU
	EndGlobalSection
	GlobalSection(SolutionProperties) = preSolution
		HideSolutionNode = FALSE
	EndGlobalSection
	GlobalSection(ExtensibilityGlobals) = postSolution
		SolutionGuid = {211FC51D-2680-4B11-ABE6-59E93E1DFAC6}
	EndGlobalSection
EndGlobal
